
Microsoft Visual Studio Solution File, Format Version 12.00
# Visual Studio Version 16
VisualStudioVersion = 16.0.29411.108
MinimumVisualStudioVersion = 10.0.40219.1
Project("{9A19103F-16F7-4668-BE54-9A1E7A4F7556}") = "PersonalBudget.Api", "PersonalBudget\PersonalBudget.Api.csproj", "{C5D39AAA-5A29-455B-B3A3-ED8D4B2A63BB}"
EndProject
Global
	GlobalSection(SolutionConfigurationPlatforms) = preSolution
		Debug|Any CPU = Debug|Any CPU
		Release|Any CPU = Release|Any CPU
	EndGlobalSection
	GlobalSection(ProjectConfigurationPlatforms) = postSolution
		{C5D39AAA-5A29-455B-B3A3-ED8D4B2A63BB}.Debug|Any CPU.ActiveCfg = Debug|Any CPU
		{C5D39AAA-5A29-455B-B3A3-ED8D4B2A63BB}.Debug|Any CPU.Build.0 = Debug|Any CPU
		{C5D39AAA-5A29-455B-B3A3-ED8D4B2A63BB}.Release|Any CPU.ActiveCfg = Release|Any CPU
		{C5D39AAA-5A29-455B-B3A3-ED8D4B2A63BB}.Release|Any CPU.Build.0 = Release|Any CPU
	EndGlobalSection
	GlobalSection(SolutionProperties) = preSolution
		HideSolutionNode = FALSE
	EndGlobalSection
	GlobalSection(ExtensibilityGlobals) = postSolution
		SolutionGuid = {CBFE43FD-0191-4A4C-AD9A-DD34652475D3}
	EndGlobalSection
EndGlobal
